<?xml version="1.0" encoding="utf-8"?>
<Project ToolsVersion="17.0" xmlns="http://schemas.microsoft.com/developer/msbuild/2003">
  <ItemGroup>
    <ClCompile Include="C:\Users\user\Desktop\Meta\sdk\contrib\cmake\build3rdParty\build3rdParty.cpp">
      <Filter>Source Files</Filter>
    </ClCompile>
  </ItemGroup>
  <ItemGroup>
    <CustomBuild Include="C:\Users\user\Desktop\Meta\sdk\contrib\cmake\build3rdParty\CMakeLists.txt" />
  </ItemGroup>
  <ItemGroup>
    <Filter Include="Source Files">
      <UniqueIdentifier>{299A473F-9C9D-3FDC-9A56-F1D1179C97CB}</UniqueIdentifier>
    </Filter>
  </ItemGroup>
</Project>
